// !$*UTF8*$!
{
	archiveVersion = 1;
	classes = {
	};
	objectVersion = 50;
	objects = {

/* Begin PBXBuildFile section */
		725C18A92664CE60007F61B2 /* AppDelegate.m in Sources */ = {isa = PBXBuildFile; fileRef = 725C18A82664CE5F007F61B2 /* AppDelegate.m */; };
		725C18AC2664CE60007F61B2 /* SceneDelegate.m in Sources */ = {isa = PBXBuildFile; fileRef = 725C18AB2664CE60007F61B2 /* SceneDelegate.m */; };
		725C18AF2664CE60007F61B2 /* ViewController.m in Sources */ = {isa = PBXBuildFile; fileRef = 725C18AE2664CE60007F61B2 /* ViewController.m */; };
		725C18B22664CE60007F61B2 /* Main.storyboard in Resources */ = {isa = PBXBuildFile; fileRef = 725C18B02664CE60007F61B2 /* Main.storyboard */; };
		725C18B42664CE62007F61B2 /* Assets.xcassets in Resources */ = {isa = PBXBuildFile; fileRef = 725C18B32664CE62007F61B2 /* Assets.xcassets */; };
		725C18B72664CE62007F61B2 /* LaunchScreen.storyboard in Resources */ = {isa = PBXBuildFile; fileRef = 725C18B52664CE62007F61B2 /* LaunchScreen.storyboard */; };
		725C18BA2664CE62007F61B2 /* main.m in Sources */ = {isa = PBXBuildFile; fileRef = 725C18B92664CE62007F61B2 /* main.m */; };
/* End PBXBuildFile section */

/* Begin PBXFileReference section */
		725C18A42664CE5F007F61B2 /* LMetal2.app */ = {isa = PBXFileReference; explicitFileType = wrapper.application; includeInIndex = 0; path = LMetal2.app; sourceTree = BUILT_PRODUCTS_DIR; };
		725C18A72664CE5F007F61B2 /* AppDelegate.h */ = {isa = PBXFileReference; lastKnownFileType = sourcecode.c.h; path = AppDelegate.h; sourceTree = "<group>"; };
		725C18A82664CE5F007F61B2 /* AppDelegate.m */ = {isa = PBXFileReference; lastKnownFileType = sourcecode.c.objc; path = AppDelegate.m; sourceTree = "<group>"; };
		725C18AA2664CE60007F61B2 /* SceneDelegate.h */ = {isa = PBXFileReference; lastKnownFileType = sourcecode.c.h; path = SceneDelegate.h; sourceTree = "<group>"; };
		725C18AB2664CE60007F61B2 /* SceneDelegate.m */ = {isa = PBXFileReference; lastKnownFileType = sourcecode.c.objc; path = SceneDelegate.m; sourceTree = "<group>"; };
		725C18AD2664CE60007F61B2 /* ViewController.h */ = {isa = PBXFileReference; lastKnownFileType = sourcecode.c.h; path = ViewController.h; sourceTree = "<group>"; };
		725C18AE2664CE60007F61B2 /* ViewController.m */ = {isa = PBXFileReference; lastKnownFileType = sourcecode.c.objc; path = ViewController.m; sourceTree = "<group>"; };
		725C18B12664CE60007F61B2 /* Base */ = {isa = PBXFileReference; lastKnownFileType = file.storyboard; name = Base; path = Base.lproj/Main.storyboard; sourceTree = "<group>"; };
		725C18B32664CE62007F61B2 /* Assets.xcassets */ = {isa = PBXFileReference; lastKnownFileType = folder.assetcatalog; path = Assets.xcassets; sourceTree = "<group>"; };
		725C18B62664CE62007F61B2 /* Base */ = {isa = PBXFileReference; lastKnownFileType = file.storyboard; name = Base; path = Base.lproj/LaunchScreen.storyboard; sourceTree = "<group>"; };
		725C18B82664CE62007F61B2 /* Info.plist */ = {isa = PBXFileReference; lastKnownFileType = text.plist.xml; path = Info.plist; sourceTree = "<group>"; };
		725C18B92664CE62007F61B2 /* main.m */ = {isa = PBXFileReference; lastKnownFileType = sourcecode.c.objc; path = main.m; sourceTree = "<group>"; };
/* End PBXFileReference section */

/* Begin PBXFrameworksBuildPhase section */
		725C18A12664CE5F007F61B2 /* Frameworks */ = {
			isa = PBXFrameworksBuildPhase;
			buildActionMask = 2147483647;
			files = (
			);
			runOnlyForDeploymentPostprocessing = 0;
		};
/* End PBXFrameworksBuildPhase section */

/* Begin PBXGroup section */
		725C189B2664CE5F007F61B2 = {
			isa = PBXGroup;
			children = (
				725C18A62664CE5F007F61B2 /* LMetal2 */,
				725C18A52664CE5F007F61B2 /* Products */,
			);
			sourceTree = "<group>";
		};
		725C18A52664CE5F007F61B2 /* Products */ = {
			isa = PBXGroup;
			children = (
				725C18A42664CE5F007F61B2 /* LMetal2.app */,
			);
			name = Products;
			sourceTree = "<group>";
		};
		725C18A62664CE5F007F61B2 /* LMetal2 */ = {
			isa = PBXGroup;
			children = (
				725C18A72664CE5F007F61B2 /* AppDelegate.h */,
				725C18A82664CE5F007F61B2 /* AppDelegate.m */,
				725C18AA2664CE60007F61B2 /* SceneDelegate.h */,
				725C18AB2664CE60007F61B2 /* SceneDelegate.m */,
				725C18AD2664CE60007F61B2 /* ViewController.h */,
				725C18AE2664CE60007F61B2 /* ViewController.m */,
				725C18B02664CE60007F61B2 /* Main.storyboard */,
				725C18B32664CE62007F61B2 /* Assets.xcassets */,
				725C18B52664CE62007F61B2 /* LaunchScreen.storyboard */,
				725C18B82664CE62007F61B2 /* Info.plist */,
				725C18B92664CE62007F61B2 /* main.m */,
			);
			path = LMetal2;
			sourceTree = "<group>";
		};
/* End PBXGroup section */

/* Begin PBXNativeTarget section */
		725C18A32664CE5F007F61B2 /* LMetal2 */ = {
			isa = PBXNativeTarget;
			buildConfigurationList = 725C18BD2664CE62007F61B2 /* Build configuration list for PBXNativeTarget "LMetal2" */;
			buildPhases = (
				725C18A02664CE5F007F61B2 /* Sources */,
				725C18A12664CE5F007F61B2 /* Frameworks */,
				725C18A22664CE5F007F61B2 /* Resources */,
			);
			buildRules = (
			);
			dependencies = (
			);
			name = LMetal2;
			productName = LMetal2;
			productReference = 725C18A42664CE5F007F61B2 /* LMetal2.app */;
			productType = "com.apple.product-type.application";
		};
/* End PBXNativeTarget section */

/* Begin PBXProject section */
		725C189C2664CE5F007F61B2 /* Project object */ = {
			isa = PBXProject;
			attributes = {
				LastUpgradeCheck = 1250;
				TargetAttributes = {
					725C18A32664CE5F007F61B2 = {
						CreatedOnToolsVersion = 12.5;
					};
				};
			};
			buildConfigurationList = 725C189F2664CE5F007F61B2 /* Build configuration list for PBXProject "LMetal2" */;
			compatibilityVersion = "Xcode 9.3";
			developmentRegion = en;
			hasScannedForEncodings = 0;
			knownRegions = (
				en,
				Base,
			);
			mainGroup = 725C189B2664CE5F007F61B2;
			productRefGroup = 725C18A52664CE5F007F61B2 /* Products */;
			projectDirPath = "";
			projectRoot = "";
			targets = (
				725C18A32664CE5F007F61B2 /* LMetal2 */,
			);
		};
/* End PBXProject section */

/* Begin PBXResourcesBuildPhase section */
		725C18A22664CE5F007F61B2 /* Resources */ = {
			isa = PBXResourcesBuildPhase;
			buildActionMask = 2147483647;
			files = (
				725C18B72664CE62007F61B2 /* LaunchScreen.storyboard in Resources */,
				725C18B42664CE62007F61B2 /* Assets.xcassets in Resources */,
				725C18B22664CE60007F61B2 /* Main.storyboard in Resources */,
			);
			runOnlyForDeploymentPostprocessing = 0;
		};
/* End PBXResourcesBuildPhase section */

/* Begin PBXSourcesBuildPhase section */
		725C18A02664CE5F007F61B2 /* Sources */ = {
			isa = PBXSourcesBuildPhase;
			buildActionMask = 2147483647;
			files = (
				725C18AF2664CE60007F61B2 /* ViewController.m in Sources */,
				725C18A92664CE60007F61B2 /* AppDelegate.m in Sources */,
				725C18BA2664CE62007F61B2 /* main.m in Sources */,
				725C18AC2664CE60007F61B2 /* SceneDelegate.m in Sources */,
			);
			runOnlyForDeploymentPostprocessing = 0;
		};
/* End PBXSourcesBuildPhase section */

/* Begin PBXVariantGroup section */
		725C18B02664CE60007F61B2 /* Main.storyboard */ = {
			isa = PBXVariantGroup;
			children = (
				725C18B12664CE60007F61B2 /* Base */,
			);
			name = Main.storyboard;
			sourceTree = "<group>";
		};
		725C18B52664CE62007F61B2 /* LaunchScreen.storyboard */ = {
			isa = PBXVariantGroup;
			children = (
				725C18B62664CE62007F61B2 /* Base */,
			);
			name = LaunchScreen.storyboard;
			sourceTree = "<group>";
		};
/* End PBXVariantGroup section */

/* Begin XCBuildConfiguration section */
		725C18BB2664CE62007F61B2 /* Debug */ = {
			isa = XCBuildConfiguration;
			buildSettings = {
				ALWAYS_SEARCH_USER_PATHS = NO;
				CLANG_ANALYZER_NONNULL = YES;
				CLANG_ANALYZER_NUMBER_OBJECT_CONVERSION = YES_AGGRESSIVE;
				CLANG_CXX_LANGUAGE_STANDARD = "gnu++14";
				CLANG_CXX_LIBRARY = "libc++";
				CLANG_ENABLE_MODULES = YES;
				CLANG_ENABLE_OBJC_ARC = YES;
				CLANG_ENABLE_OBJC_WEAK = YES;
				CLANG_WARN_BLOCK_CAPTURE_AUTORELEASING = YES;
				CLANG_WARN_BOOL_CONVERSION = YES;
				CLANG_WARN_COMMA = YES;
				CLANG_WARN_CONSTANT_CONVERSION = YES;
				CLANG_WARN_DEPRECATED_OBJC_IMPLEMENTATIONS = YES;
				CLANG_WARN_DIRECT_OBJC_ISA_USAGE = YES_ERROR;
				CLANG_WARN_DOCUMENTATION_COMMENTS = YES;
				CLANG_WARN_EMPTY_BODY = YES;
				CLANG_WARN_ENUM_CONVERSION = YES;
				CLANG_WARN_INFINITE_RECURSION = YES;
				CLANG_WARN_INT_CONVERSION = YES;
				CLANG_WARN_NON_LITERAL_NULL_CONVERSION = YES;
				CLANG_WARN_OBJC_IMPLICIT_RETAIN_SELF = YES;
				CLANG_WARN_OBJC_LITERAL_CONVERSION = YES;
				CLANG_WARN_OBJC_ROOT_CLASS = YES_ERROR;
				CLANG_WARN_QUOTED_INCLUDE_IN_FRAMEWORK_HEADER = YES;
				CLANG_WARN_RANGE_LOOP_ANALYSIS = YES;
				CLANG_WARN_STRICT_PROTOTYPES = YES;
				CLANG_WARN_SUSPICIOUS_MOVE = YES;
				CLANG_WARN_UNGUARDED_AVAILABILITY = YES_AGGRESSIVE;
				CLANG_WARN_UNREACHABLE_CODE = YES;
				CLANG_WARN__DUPLICATE_METHOD_MATCH = YES;
				COPY_PHASE_STRIP = NO;
				DEBUG_INFORMATION_FORMAT = dwarf;
				ENABLE_STRICT_OBJC_MSGSEND = YES;
				ENABLE_TESTABILITY = YES;
				GCC_C_LANGUAGE_STANDARD = gnu11;
				GCC_DYNAMIC_NO_PIC = NO;
				GCC_NO_COMMON_BLOCKS = YES;
				GCC_OPTIMIZATION_LEVEL = 0;
				GCC_PREPROCESSOR_DEFINITIONS = (
					"DEBUG=1",
					"$(inherited)",
				);
				GCC_WARN_64_TO_32_BIT_CONVERSION = YES;
				GCC_WARN_ABOUT_RETURN_TYPE = YES_ERROR;
				GCC_WARN_UNDECLARED_SELECTOR = YES;
				GCC_WARN_UNINITIALIZED_AUTOS = YES_AGGRESSIVE;
				GCC_WARN_UNUSED_FUNCTION = YES;
				GCC_WARN_UNUSED_VARIABLE = YES;
				IPHONEOS_DEPLOYMENT_TARGET = 14.5;
				MTL_ENABLE_DEBUG_INFO = INCLUDE_SOURCE;
				MTL_FAST_MATH = YES;
				ONLY_ACTIVE_ARCH = YES;
				SDKROOT = iphoneos;
			};
			name = Debug;
		};
		725C18BC2664CE62007F61B2 /* Release */ = {
			isa = XCBuildConfiguration;
			buildSettings = {
				ALWAYS_SEARCH_USER_PATHS = NO;
				CLANG_ANALYZER_NONNULL = YES;
				CLANG_ANALYZER_NUMBER_OBJECT_CONVERSION = YES_AGGRESSIVE;
				CLANG_CXX_LANGUAGE_STANDARD = "gnu++14";
				CLANG_CXX_LIBRARY = "libc++";
				CLANG_ENABLE_MODULES = YES;
				CLANG_ENABLE_OBJC_ARC = YES;
				CLANG_ENABLE_OBJC_WEAK = YES;
				CLANG_WARN_BLOCK_CAPTURE_AUTORELEASING = YES;
				CLANG_WARN_BOOL_CONVERSION = YES;
				CLANG_WARN_COMMA = YES;
				CLANG_WARN_CONSTANT_CONVERSION = YES;
				CLANG_WARN_DEPRECATED_OBJC_IMPLEMENTATIONS = YES;
				CLANG_WARN_DIRECT_OBJC_ISA_USAGE = YES_ERROR;
				CLANG_WARN_DOCUMENTATION_COMMENTS = YES;
				CLANG_WARN_EMPTY_BODY = YES;
				CLANG_WARN_ENUM_CONVERSION = YES;
				CLANG_WARN_INFINITE_RECURSION = YES;
				CLANG_WARN_INT_CONVERSION = YES;
				CLANG_WARN_NON_LITERAL_NULL_CONVERSION = YES;
				CLANG_WARN_OBJC_IMPLICIT_RETAIN_SELF = YES;
				CLANG_WARN_OBJC_LITERAL_CONVERSION = YES;
				CLANG_WARN_OBJC_ROOT_CLASS = YES_ERROR;
				CLANG_WARN_QUOTED_INCLUDE_IN_FRAMEWORK_HEADER = YES;
				CLANG_WARN_RANGE_LOOP_ANALYSIS = YES;
				CLANG_WARN_STRICT_PROTOTYPES = YES;
				CLANG_WARN_SUSPICIOUS_MOVE = YES;
				CLANG_WARN_UNGUARDED_AVAILABILITY = YES_AGGRESSIVE;
				CLANG_WARN_UNREACHABLE_CODE = YES;
				CLANG_WARN__DUPLICATE_METHOD_MATCH = YES;
				COPY_PHASE_STRIP = NO;
				DEBUG_INFORMATION_FORMAT = "dwarf-with-dsym";
				ENABLE_NS_ASSERTIONS = NO;
				ENABLE_STRICT_OBJC_MSGSEND = YES;
				GCC_C_LANGUAGE_STANDARD = gnu11;
				GCC_NO_COMMON_BLOCKS = YES;
				GCC_WARN_64_TO_32_BIT_CONVERSION = YES;
				GCC_WARN_ABOUT_RETURN_TYPE = YES_ERROR;
				GCC_WARN_UNDECLARED_SELECTOR = YES;
				GCC_WARN_UNINITIALIZED_AUTOS = YES_AGGRESSIVE;
				GCC_WARN_UNUSED_FUNCTION = YES;
				GCC_WARN_UNUSED_VARIABLE = YES;
				IPHONEOS_DEPLOYMENT_TARGET = 14.5;
				MTL_ENABLE_DEBUG_INFO = NO;
				MTL_FAST_MATH = YES;
				SDKROOT = iphoneos;
				VALIDATE_PRODUCT = YES;
			};
			name = Release;
		};
		725C18BE2664CE62007F61B2 /* Debug */ = {
			isa = XCBuildConfiguration;
			buildSettings = {
				ASSETCATALOG_COMPILER_APPICON_NAME = AppIcon;
				ASSETCATALOG_COMPILER_GLOBAL_ACCENT_COLOR_NAME = AccentColor;
				CODE_SIGN_STYLE = Automatic;
				DEVELOPMENT_TEAM = ET3Y989RPW;
				INFOPLIST_FILE = LMetal2/Info.plist;
				LD_RUNPATH_SEARCH_PATHS = (
					"$(inherited)",
					"@executable_path/Frameworks",
				);
				PRODUCT_BUNDLE_IDENTIFIER = sina.LMetal2;
				PRODUCT_NAME = "$(TARGET_NAME)";
				TARGETED_DEVICE_FAMILY = "1,2";
			};
			name = Debug;
		};
		725C18BF2664CE62007F61B2 /* Release */ = {
			isa = XCBuildConfiguration;
			buildSettings = {
				ASSETCATALOG_COMPILER_APPICON_NAME = AppIcon;
				ASSETCATALOG_COMPILER_GLOBAL_ACCENT_COLOR_NAME = AccentColor;
				CODE_SIGN_STYLE = Automatic;
				DEVELOPMENT_TEAM = ET3Y989RPW;
				INFOPLIST_FILE = LMetal2/Info.plist;
				LD_RUNPATH_SEARCH_PATHS = (
					"$(inherited)",
					"@executable_path/Frameworks",
				);
				PRODUCT_BUNDLE_IDENTIFIER = sina.LMetal2;
				PRODUCT_NAME = "$(TARGET_NAME)";
				TARGETED_DEVICE_FAMILY = "1,2";
			};
			name = Release;
		};
/* End XCBuildConfiguration section */

/* Begin XCConfigurationList section */
		725C189F2664CE5F007F61B2 /* Build configuration list for PBXProject "LMetal2" */ = {
			isa = XCConfigurationList;
			buildConfigurations = (
				725C18BB2664CE62007F61B2 /* Debug */,
				725C18BC2664CE62007F61B2 /* Release */,
			);
			defaultConfigurationIsVisible = 0;
			defaultConfigurationName = Release;
		};
		725C18BD2664CE62007F61B2 /* Build configuration list for PBXNativeTarget "LMetal2" */ = {
			isa = XCConfigurationList;
			buildConfigurations = (
				725C18BE2664CE62007F61B2 /* Debug */,
				725C18BF2664CE62007F61B2 /* Release */,
			);
			defaultConfigurationIsVisible = 0;
			defaultConfigurationName = Release;
		};
/* End XCConfigurationList section */
	};
	rootObject = 725C189C2664CE5F007F61B2 /* Project object */;
}
